{
  "name": "nginx-files",
  "version": "1.0.0",
  "lockfileVersion": 1,
  "requires": true,
  "dependencies": {
    "nginx-conf": {
      "version": "2.0.0",
      "resolved": "https://registry.npmjs.org/nginx-conf/-/nginx-conf-2.0.0.tgz",
      "integrity": "sha512-fHA8qHPW5FclhUJZUt4MO7E8P6Hg6jHb77I9yAjj18gYtOR4ubxonS1XlUoVMhopFggVSMP79BYc6V3i7H+k4Q=="
    }
  }
}
